
Microsoft Visual Studio Solution File, Format Version 12.00
# Visual Studio Version 16
VisualStudioVersion = 16.0.32802.440
MinimumVisualStudioVersion = 10.0.40219.1
Project("{FAE04EC0-301F-11D3-BF4B-00C04F79EFBC}") = "Stringfuncties", "Stringfuncties\Stringfuncties.csproj", "{0CA8B900-7519-4255-BA02-277A934514BB}"
EndProject
Global
	GlobalSection(SolutionConfigurationPlatforms) = preSolution
		Debug|Any CPU = Debug|Any CPU
		Release|Any CPU = Release|Any CPU
	EndGlobalSection
	GlobalSection(ProjectConfigurationPlatforms) = postSolution
		{0CA8B900-7519-4255-BA02-277A934514BB}.Debug|Any CPU.ActiveCfg = Debug|Any CPU
		{0CA8B900-7519-4255-BA02-277A934514BB}.Debug|Any CPU.Build.0 = Debug|Any CPU
		{0CA8B900-7519-4255-BA02-277A934514BB}.Release|Any CPU.ActiveCfg = Release|Any CPU
		{0CA8B900-7519-4255-BA02-277A934514BB}.Release|Any CPU.Build.0 = Release|Any CPU
	EndGlobalSection
	GlobalSection(SolutionProperties) = preSolution
		HideSolutionNode = FALSE
	EndGlobalSection
	GlobalSection(ExtensibilityGlobals) = postSolution
		SolutionGuid = {4332F2EB-41E5-4DED-99E2-C51D6CC26A73}
	EndGlobalSection
EndGlobal
